// !$*UTF8*$!
{
	archiveVersion = 1;
	classes = {
	};
	objectVersion = 48;
	objects = {

/* Begin PBXBuildFile section */
		357A156A3CA0B28AA7E695A0 /* Pods_resumeToolkit.framework in Frameworks */ = {isa = PBXBuildFile; fileRef = D82411673F2ECB91FE217AD0 /* Pods_resumeToolkit.framework */; };
		D10628901F60678E001880AD /* Prime Regular.otf in Resources */ = {isa = PBXBuildFile; fileRef = D106288F1F606780001880AD /* Prime Regular.otf */; };
		D10628911F606791001880AD /* Prime Light.otf in Resources */ = {isa = PBXBuildFile; fileRef = D106288E1F60677E001880AD /* Prime Light.otf */; };
		D10628931F6080E7001880AD /* secondLoginScreen.swift in Sources */ = {isa = PBXBuildFile; fileRef = D10628921F6080E7001880AD /* secondLoginScreen.swift */; };
		D125BA821F608B3E0077C0BD /* userInfo.swift in Sources */ = {isa = PBXBuildFile; fileRef = D125BA811F608B3E0077C0BD /* userInfo.swift */; };
		D133C6A71F5A60600080B598 /* dataManager.swift in Sources */ = {isa = PBXBuildFile; fileRef = D133C6A61F5A60600080B598 /* dataManager.swift */; };
		D152E3A61F61D741002F5F54 /* resumeDataController.swift in Sources */ = {isa = PBXBuildFile; fileRef = D152E3A51F61D741002F5F54 /* resumeDataController.swift */; };
		D152E3B01F61DDC6002F5F54 /* SearchBarView.swift in Sources */ = {isa = PBXBuildFile; fileRef = D152E3AF1F61DDC5002F5F54 /* SearchBarView.swift */; };
		D152E3B21F61DE94002F5F54 /* resumeItem.swift in Sources */ = {isa = PBXBuildFile; fileRef = D152E3B11F61DE94002F5F54 /* resumeItem.swift */; };
		D152E3B81F620630002F5F54 /* entryCell.swift in Sources */ = {isa = PBXBuildFile; fileRef = D152E3B71F620630002F5F54 /* entryCell.swift */; };
		D152E3BA1F621B5C002F5F54 /* editViewController.swift in Sources */ = {isa = PBXBuildFile; fileRef = D152E3B91F621B5C002F5F54 /* editViewController.swift */; };
		D152E3BC1F624C15002F5F54 /* experience.swift in Sources */ = {isa = PBXBuildFile; fileRef = D152E3BB1F624C15002F5F54 /* experience.swift */; };
		D152E3BE1F624C36002F5F54 /* skill.swift in Sources */ = {isa = PBXBuildFile; fileRef = D152E3BD1F624C36002F5F54 /* skill.swift */; };
		D152E3C01F624C53002F5F54 /* schoolWork.swift in Sources */ = {isa = PBXBuildFile; fileRef = D152E3BF1F624C53002F5F54 /* schoolWork.swift */; };
		D18286ED1F60A6B400CAD85A /* userSettings.swift in Sources */ = {isa = PBXBuildFile; fileRef = D18286EC1F60A6B400CAD85A /* userSettings.swift */; };
		D18286F11F618F1C00CAD85A /* testPDFGenerator.swift in Sources */ = {isa = PBXBuildFile; fileRef = D18286F01F618F1C00CAD85A /* testPDFGenerator.swift */; };
		D18286F31F618FC700CAD85A /* pdfView.swift in Sources */ = {isa = PBXBuildFile; fileRef = D18286F21F618FC700CAD85A /* pdfView.swift */; };
		D18CF79A1F63A01C00C625E4 /* SimplePDF.swift in Sources */ = {isa = PBXBuildFile; fileRef = D18CF7991F63A01C00C625E4 /* SimplePDF.swift */; };
		D1DB93701F70A3EE00C210B4 /* userSetUp.m in Sources */ = {isa = PBXBuildFile; fileRef = D1DB936F1F70A3EE00C210B4 /* userSetUp.m */; };
		D1DB93711F70A53200C210B4 /* GoogleService-Info.plist in Resources */ = {isa = PBXBuildFile; fileRef = D18F9B471F70645800FB48EA /* GoogleService-Info.plist */; };
		D1E4578F1F5A175D00D1E030 /* AppDelegate.swift in Sources */ = {isa = PBXBuildFile; fileRef = D1E4578E1F5A175D00D1E030 /* AppDelegate.swift */; };
		D1E457911F5A175D00D1E030 /* ViewController.swift in Sources */ = {isa = PBXBuildFile; fileRef = D1E457901F5A175D00D1E030 /* ViewController.swift */; };
		D1E457941F5A175E00D1E030 /* Main.storyboard in Resources */ = {isa = PBXBuildFile; fileRef = D1E457921F5A175E00D1E030 /* Main.storyboard */; };
		D1E457971F5A175F00D1E030 /* resumeToolkit.xcdatamodeld in Sources */ = {isa = PBXBuildFile; fileRef = D1E457951F5A175E00D1E030 /* resumeToolkit.xcdatamodeld */; };
		D1E457991F5A175F00D1E030 /* Assets.xcassets in Resources */ = {isa = PBXBuildFile; fileRef = D1E457981F5A175F00D1E030 /* Assets.xcassets */; };
		D1E4579C1F5A176000D1E030 /* LaunchScreen.storyboard in Resources */ = {isa = PBXBuildFile; fileRef = D1E4579A1F5A176000D1E030 /* LaunchScreen.storyboard */; };
		D1E457A61F5A194800D1E030 /* SnapContainerViewController.swift in Sources */ = {isa = PBXBuildFile; fileRef = D1E457A51F5A194800D1E030 /* SnapContainerViewController.swift */; };
		D1E457A81F5A1D0B00D1E030 /* loginScreen.swift in Sources */ = {isa = PBXBuildFile; fileRef = D1E457A71F5A1D0B00D1E030 /* loginScreen.swift */; };
		D1EF9D7F1F6C8B7300BEB77A /* course.swift in Sources */ = {isa = PBXBuildFile; fileRef = D1EF9D7E1F6C8B7300BEB77A /* course.swift */; };
/* End PBXBuildFile section */

/* Begin PBXFileReference section */
		55D0D61381F477683351FA7C /* Pods-resumeToolkit.release.xcconfig */ = {isa = PBXFileReference; includeInIndex = 1; lastKnownFileType = text.xcconfig; name = "Pods-resumeToolkit.release.xcconfig"; path = "Pods/Target Support Files/Pods-resumeToolkit/Pods-resumeToolkit.release.xcconfig"; sourceTree = "<group>"; };
		ADDA04E2395D7BFF9E5CE745 /* Pods-resumeToolkit.debug.xcconfig */ = {isa = PBXFileReference; includeInIndex = 1; lastKnownFileType = text.xcconfig; name = "Pods-resumeToolkit.debug.xcconfig"; path = "Pods/Target Support Files/Pods-resumeToolkit/Pods-resumeToolkit.debug.xcconfig"; sourceTree = "<group>"; };
		D106288E1F60677E001880AD /* Prime Light.otf */ = {isa = PBXFileReference; lastKnownFileType = file; path = "Prime Light.otf"; sourceTree = "<group>"; };
		D106288F1F606780001880AD /* Prime Regular.otf */ = {isa = PBXFileReference; lastKnownFileType = file; path = "Prime Regular.otf"; sourceTree = "<group>"; };
		D10628921F6080E7001880AD /* secondLoginScreen.swift */ = {isa = PBXFileReference; lastKnownFileType = sourcecode.swift; path = secondLoginScreen.swift; sourceTree = "<group>"; };
		D125BA811F608B3E0077C0BD /* userInfo.swift */ = {isa = PBXFileReference; lastKnownFileType = sourcecode.swift; path = userInfo.swift; sourceTree = "<group>"; };
		D133C6A61F5A60600080B598 /* dataManager.swift */ = {isa = PBXFileReference; lastKnownFileType = sourcecode.swift; path = dataManager.swift; sourceTree = "<group>"; };
		D152E3A51F61D741002F5F54 /* resumeDataController.swift */ = {isa = PBXFileReference; lastKnownFileType = sourcecode.swift; path = resumeDataController.swift; sourceTree = "<group>"; };
		D152E3AF1F61DDC5002F5F54 /* SearchBarView.swift */ = {isa = PBXFileReference; lastKnownFileType = sourcecode.swift; path = SearchBarView.swift; sourceTree = "<group>"; };
		D152E3B11F61DE94002F5F54 /* resumeItem.swift */ = {isa = PBXFileReference; lastKnownFileType = sourcecode.swift; path = resumeItem.swift; sourceTree = "<group>"; };
		D152E3B71F620630002F5F54 /* entryCell.swift */ = {isa = PBXFileReference; lastKnownFileType = sourcecode.swift; path = entryCell.swift; sourceTree = "<group>"; };
		D152E3B91F621B5C002F5F54 /* editViewController.swift */ = {isa = PBXFileReference; lastKnownFileType = sourcecode.swift; path = editViewController.swift; sourceTree = "<group>"; };
		D152E3BB1F624C15002F5F54 /* experience.swift */ = {isa = PBXFileReference; lastKnownFileType = sourcecode.swift; path = experience.swift; sourceTree = "<group>"; };
		D152E3BD1F624C36002F5F54 /* skill.swift */ = {isa = PBXFileReference; lastKnownFileType = sourcecode.swift; path = skill.swift; sourceTree = "<group>"; };
		D152E3BF1F624C53002F5F54 /* schoolWork.swift */ = {isa = PBXFileReference; lastKnownFileType = sourcecode.swift; path = schoolWork.swift; sourceTree = "<group>"; };
		D18286EC1F60A6B400CAD85A /* userSettings.swift */ = {isa = PBXFileReference; lastKnownFileType = sourcecode.swift; path = userSettings.swift; sourceTree = "<group>"; };
		D18286F01F618F1C00CAD85A /* testPDFGenerator.swift */ = {isa = PBXFileReference; lastKnownFileType = sourcecode.swift; path = testPDFGenerator.swift; sourceTree = "<group>"; };
		D18286F21F618FC700CAD85A /* pdfView.swift */ = {isa = PBXFileReference; lastKnownFileType = sourcecode.swift; path = pdfView.swift; sourceTree = "<group>"; };
		D18CF7991F63A01C00C625E4 /* SimplePDF.swift */ = {isa = PBXFileReference; lastKnownFileType = sourcecode.swift; path = SimplePDF.swift; sourceTree = "<group>"; };
		D18F9B471F70645800FB48EA /* GoogleService-Info.plist */ = {isa = PBXFileReference; lastKnownFileType = text.plist.xml; path = "GoogleService-Info.plist"; sourceTree = "<group>"; };
		D1DB936D1F70A3EB00C210B4 /* resumeToolkit-Bridging-Header.h */ = {isa = PBXFileReference; lastKnownFileType = sourcecode.c.h; path = "resumeToolkit-Bridging-Header.h"; sourceTree = "<group>"; };
		D1DB936E1F70A3ED00C210B4 /* userSetUp.h */ = {isa = PBXFileReference; lastKnownFileType = sourcecode.c.h; path = userSetUp.h; sourceTree = "<group>"; };
		D1DB936F1F70A3EE00C210B4 /* userSetUp.m */ = {isa = PBXFileReference; lastKnownFileType = sourcecode.c.objc; path = userSetUp.m; sourceTree = "<group>"; };
		D1E4578B1F5A175D00D1E030 /* resumeToolkit.app */ = {isa = PBXFileReference; explicitFileType = wrapper.application; includeInIndex = 0; path = resumeToolkit.app; sourceTree = BUILT_PRODUCTS_DIR; };
		D1E4578E1F5A175D00D1E030 /* AppDelegate.swift */ = {isa = PBXFileReference; lastKnownFileType = sourcecode.swift; path = AppDelegate.swift; sourceTree = "<group>"; };
		D1E457901F5A175D00D1E030 /* ViewController.swift */ = {isa = PBXFileReference; lastKnownFileType = sourcecode.swift; path = ViewController.swift; sourceTree = "<group>"; };
		D1E457931F5A175E00D1E030 /* Base */ = {isa = PBXFileReference; lastKnownFileType = file.storyboard; name = Base; path = Base.lproj/Main.storyboard; sourceTree = "<group>"; };
		D1E457961F5A175E00D1E030 /* resumeToolkit.xcdatamodel */ = {isa = PBXFileReference; lastKnownFileType = wrapper.xcdatamodel; path = resumeToolkit.xcdatamodel; sourceTree = "<group>"; };
		D1E457981F5A175F00D1E030 /* Assets.xcassets */ = {isa = PBXFileReference; lastKnownFileType = folder.assetcatalog; path = Assets.xcassets; sourceTree = "<group>"; };
		D1E4579B1F5A176000D1E030 /* Base */ = {isa = PBXFileReference; lastKnownFileType = file.storyboard; name = Base; path = Base.lproj/LaunchScreen.storyboard; sourceTree = "<group>"; };
		D1E4579D1F5A176000D1E030 /* Info.plist */ = {isa = PBXFileReference; lastKnownFileType = text.plist.xml; path = Info.plist; sourceTree = "<group>"; };
		D1E457A51F5A194800D1E030 /* SnapContainerViewController.swift */ = {isa = PBXFileReference; lastKnownFileType = sourcecode.swift; path = SnapContainerViewController.swift; sourceTree = "<group>"; };
		D1E457A71F5A1D0B00D1E030 /* loginScreen.swift */ = {isa = PBXFileReference; lastKnownFileType = sourcecode.swift; path = loginScreen.swift; sourceTree = "<group>"; };
		D1EF9D7E1F6C8B7300BEB77A /* course.swift */ = {isa = PBXFileReference; lastKnownFileType = sourcecode.swift; path = course.swift; sourceTree = "<group>"; };
		D82411673F2ECB91FE217AD0 /* Pods_resumeToolkit.framework */ = {isa = PBXFileReference; explicitFileType = wrapper.framework; includeInIndex = 0; path = Pods_resumeToolkit.framework; sourceTree = BUILT_PRODUCTS_DIR; };
/* End PBXFileReference section */

/* Begin PBXFrameworksBuildPhase section */
		D1E457881F5A175D00D1E030 /* Frameworks */ = {
			isa = PBXFrameworksBuildPhase;
			buildActionMask = 2147483647;
			files = (
				357A156A3CA0B28AA7E695A0 /* Pods_resumeToolkit.framework in Frameworks */,
			);
			runOnlyForDeploymentPostprocessing = 0;
		};
/* End PBXFrameworksBuildPhase section */

/* Begin PBXGroup section */
		D106288D1F6066FE001880AD /* Fonts */ = {
			isa = PBXGroup;
			children = (
				D106288E1F60677E001880AD /* Prime Light.otf */,
				D106288F1F606780001880AD /* Prime Regular.otf */,
			);
			path = Fonts;
			sourceTree = "<group>";
		};
		D152E3AB1F61DD04002F5F54 /* MiddleVC */ = {
			isa = PBXGroup;
			children = (
				D152E3AF1F61DDC5002F5F54 /* SearchBarView.swift */,
				D152E3B71F620630002F5F54 /* entryCell.swift */,
				D152E3A51F61D741002F5F54 /* resumeDataController.swift */,
				D152E3B91F621B5C002F5F54 /* editViewController.swift */,
			);
			path = MiddleVC;
			sourceTree = "<group>";
		};
		D152E3AC1F61DD14002F5F54 /* LeftVC */ = {
			isa = PBXGroup;
			children = (
				D18286F21F618FC700CAD85A /* pdfView.swift */,
			);
			path = LeftVC;
			sourceTree = "<group>";
		};
		D152E3AD1F61DD2A002F5F54 /* LoginVC */ = {
			isa = PBXGroup;
			children = (
				D10628921F6080E7001880AD /* secondLoginScreen.swift */,
				D1E457A71F5A1D0B00D1E030 /* loginScreen.swift */,
			);
			path = LoginVC;
			sourceTree = "<group>";
		};
		D152E3AE1F61DD65002F5F54 /* RightVC */ = {
			isa = PBXGroup;
			children = (
				D18286EC1F60A6B400CAD85A /* userSettings.swift */,
			);
			path = RightVC;
			sourceTree = "<group>";
		};
		D1C02CEF5159EAB5F8BBB7CE /* Pods */ = {
			isa = PBXGroup;
			children = (
				ADDA04E2395D7BFF9E5CE745 /* Pods-resumeToolkit.debug.xcconfig */,
				55D0D61381F477683351FA7C /* Pods-resumeToolkit.release.xcconfig */,
			);
			name = Pods;
			sourceTree = "<group>";
		};
		D1E457821F5A175C00D1E030 = {
			isa = PBXGroup;
			children = (
				D1DB936E1F70A3ED00C210B4 /* userSetUp.h */,
				D1DB936F1F70A3EE00C210B4 /* userSetUp.m */,
				D18F9B471F70645800FB48EA /* GoogleService-Info.plist */,
				D18CF7991F63A01C00C625E4 /* SimplePDF.swift */,
				D152E3B11F61DE94002F5F54 /* resumeItem.swift */,
				D152E3BB1F624C15002F5F54 /* experience.swift */,
				D152E3BD1F624C36002F5F54 /* skill.swift */,
				D152E3BF1F624C53002F5F54 /* schoolWork.swift */,
				D1EF9D7E1F6C8B7300BEB77A /* course.swift */,
				D106288D1F6066FE001880AD /* Fonts */,
				D1E4578D1F5A175D00D1E030 /* resumeToolkit */,
				D1E4578C1F5A175D00D1E030 /* Products */,
				D1C02CEF5159EAB5F8BBB7CE /* Pods */,
				F8A1663397FED09FFF953958 /* Frameworks */,
				D1DB936D1F70A3EB00C210B4 /* resumeToolkit-Bridging-Header.h */,
			);
			sourceTree = "<group>";
		};
		D1E4578C1F5A175D00D1E030 /* Products */ = {
			isa = PBXGroup;
			children = (
				D1E4578B1F5A175D00D1E030 /* resumeToolkit.app */,
			);
			name = Products;
			sourceTree = "<group>";
		};
		D1E4578D1F5A175D00D1E030 /* resumeToolkit */ = {
			isa = PBXGroup;
			children = (
				D152E3AB1F61DD04002F5F54 /* MiddleVC */,
				D18286F01F618F1C00CAD85A /* testPDFGenerator.swift */,
				D152E3AC1F61DD14002F5F54 /* LeftVC */,
				D1E4578E1F5A175D00D1E030 /* AppDelegate.swift */,
				D1E457901F5A175D00D1E030 /* ViewController.swift */,
				D152E3AD1F61DD2A002F5F54 /* LoginVC */,
				D133C6A61F5A60600080B598 /* dataManager.swift */,
				D1E457921F5A175E00D1E030 /* Main.storyboard */,
				D152E3AE1F61DD65002F5F54 /* RightVC */,
				D125BA811F608B3E0077C0BD /* userInfo.swift */,
				D1E457981F5A175F00D1E030 /* Assets.xcassets */,
				D1E4579A1F5A176000D1E030 /* LaunchScreen.storyboard */,
				D1E4579D1F5A176000D1E030 /* Info.plist */,
				D1E457951F5A175E00D1E030 /* resumeToolkit.xcdatamodeld */,
				D1E457A51F5A194800D1E030 /* SnapContainerViewController.swift */,
			);
			path = resumeToolkit;
			sourceTree = "<group>";
		};
		F8A1663397FED09FFF953958 /* Frameworks */ = {
			isa = PBXGroup;
			children = (
				D82411673F2ECB91FE217AD0 /* Pods_resumeToolkit.framework */,
			);
			name = Frameworks;
			sourceTree = "<group>";
		};
/* End PBXGroup section */

/* Begin PBXNativeTarget section */
		D1E4578A1F5A175D00D1E030 /* resumeToolkit */ = {
			isa = PBXNativeTarget;
			buildConfigurationList = D1E457A01F5A176000D1E030 /* Build configuration list for PBXNativeTarget "resumeToolkit" */;
			buildPhases = (
				E8F49C02CD7A0A514F2BC6A6 /* [CP] Check Pods Manifest.lock */,
				D1E457871F5A175D00D1E030 /* Sources */,
				D1E457881F5A175D00D1E030 /* Frameworks */,
				D1E457891F5A175D00D1E030 /* Resources */,
				DA0FFB5F9BDE27191FD636C7 /* [CP] Embed Pods Frameworks */,
				3AFAD90DFCDE7BD2F91B00F4 /* [CP] Copy Pods Resources */,
			);
			buildRules = (
			);
			dependencies = (
			);
			name = resumeToolkit;
			productName = resumeToolkit;
			productReference = D1E4578B1F5A175D00D1E030 /* resumeToolkit.app */;
			productType = "com.apple.product-type.application";
		};
/* End PBXNativeTarget section */

/* Begin PBXProject section */
		D1E457831F5A175D00D1E030 /* Project object */ = {
			isa = PBXProject;
			attributes = {
				LastSwiftUpdateCheck = 0900;
				LastUpgradeCheck = 0900;
				ORGANIZATIONNAME = EngineeringforSocialInnovation;
				TargetAttributes = {
					D1E4578A1F5A175D00D1E030 = {
						CreatedOnToolsVersion = 9.0;
						LastSwiftMigration = 0900;
						ProvisioningStyle = Automatic;
					};
				};
			};
			buildConfigurationList = D1E457861F5A175D00D1E030 /* Build configuration list for PBXProject "resumeToolkit" */;
			compatibilityVersion = "Xcode 8.0";
			developmentRegion = en;
			hasScannedForEncodings = 0;
			knownRegions = (
				en,
				Base,
			);
			mainGroup = D1E457821F5A175C00D1E030;
			productRefGroup = D1E4578C1F5A175D00D1E030 /* Products */;
			projectDirPath = "";
			projectRoot = "";
			targets = (
				D1E4578A1F5A175D00D1E030 /* resumeToolkit */,
			);
		};
/* End PBXProject section */

/* Begin PBXResourcesBuildPhase section */
		D1E457891F5A175D00D1E030 /* Resources */ = {
			isa = PBXResourcesBuildPhase;
			buildActionMask = 2147483647;
			files = (
				D1E4579C1F5A176000D1E030 /* LaunchScreen.storyboard in Resources */,
				D10628911F606791001880AD /* Prime Light.otf in Resources */,
				D1E457991F5A175F00D1E030 /* Assets.xcassets in Resources */,
				D1E457941F5A175E00D1E030 /* Main.storyboard in Resources */,
				D10628901F60678E001880AD /* Prime Regular.otf in Resources */,
				D1DB93711F70A53200C210B4 /* GoogleService-Info.plist in Resources */,
			);
			runOnlyForDeploymentPostprocessing = 0;
		};
/* End PBXResourcesBuildPhase section */

/* Begin PBXShellScriptBuildPhase section */
		3AFAD90DFCDE7BD2F91B00F4 /* [CP] Copy Pods Resources */ = {
			isa = PBXShellScriptBuildPhase;
			buildActionMask = 2147483647;
			files = (
			);
			inputPaths = (
			);
			name = "[CP] Copy Pods Resources";
			outputPaths = (
			);
			runOnlyForDeploymentPostprocessing = 0;
			shellPath = /bin/sh;
			shellScript = "\"${SRCROOT}/Pods/Target Support Files/Pods-resumeToolkit/Pods-resumeToolkit-resources.sh\"\n";
			showEnvVarsInLog = 0;
		};
		DA0FFB5F9BDE27191FD636C7 /* [CP] Embed Pods Frameworks */ = {
			isa = PBXShellScriptBuildPhase;
			buildActionMask = 2147483647;
			files = (
			);
			inputPaths = (
			);
			name = "[CP] Embed Pods Frameworks";
			outputPaths = (
			);
			runOnlyForDeploymentPostprocessing = 0;
			shellPath = /bin/sh;
			shellScript = "\"${SRCROOT}/Pods/Target Support Files/Pods-resumeToolkit/Pods-resumeToolkit-frameworks.sh\"\n";
			showEnvVarsInLog = 0;
		};
		E8F49C02CD7A0A514F2BC6A6 /* [CP] Check Pods Manifest.lock */ = {
			isa = PBXShellScriptBuildPhase;
			buildActionMask = 2147483647;
			files = (
			);
			inputPaths = (
			);
			name = "[CP] Check Pods Manifest.lock";
			outputPaths = (
			);
			runOnlyForDeploymentPostprocessing = 0;
			shellPath = /bin/sh;
			shellScript = "diff \"${PODS_PODFILE_DIR_PATH}/Podfile.lock\" \"${PODS_ROOT}/Manifest.lock\" > /dev/null\nif [ $? != 0 ] ; then\n    # print error to STDERR\n    echo \"error: The sandbox is not in sync with the Podfile.lock. Run 'pod install' or update your CocoaPods installation.\" >&2\n    exit 1\nfi\n";
			showEnvVarsInLog = 0;
		};
/* End PBXShellScriptBuildPhase section */

/* Begin PBXSourcesBuildPhase section */
		D1E457871F5A175D00D1E030 /* Sources */ = {
			isa = PBXSourcesBuildPhase;
			buildActionMask = 2147483647;
			files = (
				D1EF9D7F1F6C8B7300BEB77A /* course.swift in Sources */,
				D10628931F6080E7001880AD /* secondLoginScreen.swift in Sources */,
				D18286F31F618FC700CAD85A /* pdfView.swift in Sources */,
				D152E3C01F624C53002F5F54 /* schoolWork.swift in Sources */,
				D1DB93701F70A3EE00C210B4 /* userSetUp.m in Sources */,
				D18286ED1F60A6B400CAD85A /* userSettings.swift in Sources */,
				D152E3BE1F624C36002F5F54 /* skill.swift in Sources */,
				D1E457A61F5A194800D1E030 /* SnapContainerViewController.swift in Sources */,
				D152E3A61F61D741002F5F54 /* resumeDataController.swift in Sources */,
				D1E457911F5A175D00D1E030 /* ViewController.swift in Sources */,
				D1E4578F1F5A175D00D1E030 /* AppDelegate.swift in Sources */,
				D125BA821F608B3E0077C0BD /* userInfo.swift in Sources */,
				D152E3BC1F624C15002F5F54 /* experience.swift in Sources */,
				D152E3BA1F621B5C002F5F54 /* editViewController.swift in Sources */,
				D152E3B01F61DDC6002F5F54 /* SearchBarView.swift in Sources */,
				D152E3B21F61DE94002F5F54 /* resumeItem.swift in Sources */,
				D18CF79A1F63A01C00C625E4 /* SimplePDF.swift in Sources */,
				D18286F11F618F1C00CAD85A /* testPDFGenerator.swift in Sources */,
				D1E457971F5A175F00D1E030 /* resumeToolkit.xcdatamodeld in Sources */,
				D1E457A81F5A1D0B00D1E030 /* loginScreen.swift in Sources */,
				D152E3B81F620630002F5F54 /* entryCell.swift in Sources */,
				D133C6A71F5A60600080B598 /* dataManager.swift in Sources */,
			);
			runOnlyForDeploymentPostprocessing = 0;
		};
/* End PBXSourcesBuildPhase section */

/* Begin PBXVariantGroup section */
		D1E457921F5A175E00D1E030 /* Main.storyboard */ = {
			isa = PBXVariantGroup;
			children = (
				D1E457931F5A175E00D1E030 /* Base */,
			);
			name = Main.storyboard;
			sourceTree = "<group>";
		};
		D1E4579A1F5A176000D1E030 /* LaunchScreen.storyboard */ = {
			isa = PBXVariantGroup;
			children = (
				D1E4579B1F5A176000D1E030 /* Base */,
			);
			name = LaunchScreen.storyboard;
			sourceTree = "<group>";
		};
/* End PBXVariantGroup section */

/* Begin XCBuildConfiguration section */
		D1E4579E1F5A176000D1E030 /* Debug */ = {
			isa = XCBuildConfiguration;
			buildSettings = {
				ALWAYS_SEARCH_USER_PATHS = NO;
				CLANG_ANALYZER_NONNULL = YES;
				CLANG_ANALYZER_NUMBER_OBJECT_CONVERSION = YES_AGGRESSIVE;
				CLANG_CXX_LANGUAGE_STANDARD = "gnu++14";
				CLANG_CXX_LIBRARY = "libc++";
				CLANG_ENABLE_MODULES = YES;
				CLANG_ENABLE_OBJC_ARC = YES;
				CLANG_WARN_BLOCK_CAPTURE_AUTORELEASING = YES;
				CLANG_WARN_BOOL_CONVERSION = YES;
				CLANG_WARN_COMMA = YES;
				CLANG_WARN_CONSTANT_CONVERSION = YES;
				CLANG_WARN_DIRECT_OBJC_ISA_USAGE = YES_ERROR;
				CLANG_WARN_DOCUMENTATION_COMMENTS = YES;
				CLANG_WARN_EMPTY_BODY = YES;
				CLANG_WARN_ENUM_CONVERSION = YES;
				CLANG_WARN_INFINITE_RECURSION = YES;
				CLANG_WARN_INT_CONVERSION = YES;
				CLANG_WARN_NON_LITERAL_NULL_CONVERSION = YES;
				CLANG_WARN_OBJC_LITERAL_CONVERSION = YES;
				CLANG_WARN_OBJC_ROOT_CLASS = YES_ERROR;
				CLANG_WARN_RANGE_LOOP_ANALYSIS = YES;
				CLANG_WARN_STRICT_PROTOTYPES = YES;
				CLANG_WARN_SUSPICIOUS_MOVE = YES;
				CLANG_WARN_UNGUARDED_AVAILABILITY = YES_AGGRESSIVE;
				CLANG_WARN_UNREACHABLE_CODE = YES;
				CLANG_WARN__DUPLICATE_METHOD_MATCH = YES;
				CODE_SIGN_IDENTITY = "iPhone Developer";
				COPY_PHASE_STRIP = NO;
				DEBUG_INFORMATION_FORMAT = dwarf;
				ENABLE_STRICT_OBJC_MSGSEND = YES;
				ENABLE_TESTABILITY = YES;
				GCC_C_LANGUAGE_STANDARD = gnu11;
				GCC_DYNAMIC_NO_PIC = NO;
				GCC_NO_COMMON_BLOCKS = YES;
				GCC_OPTIMIZATION_LEVEL = 0;
				GCC_PREPROCESSOR_DEFINITIONS = (
					"DEBUG=1",
					"$(inherited)",
				);
				GCC_WARN_64_TO_32_BIT_CONVERSION = YES;
				GCC_WARN_ABOUT_RETURN_TYPE = YES_ERROR;
				GCC_WARN_UNDECLARED_SELECTOR = YES;
				GCC_WARN_UNINITIALIZED_AUTOS = YES_AGGRESSIVE;
				GCC_WARN_UNUSED_FUNCTION = YES;
				GCC_WARN_UNUSED_VARIABLE = YES;
				IPHONEOS_DEPLOYMENT_TARGET = 11.0;
				MTL_ENABLE_DEBUG_INFO = YES;
				ONLY_ACTIVE_ARCH = YES;
				SDKROOT = iphoneos;
				SWIFT_ACTIVE_COMPILATION_CONDITIONS = DEBUG;
				SWIFT_OPTIMIZATION_LEVEL = "-Onone";
			};
			name = Debug;
		};
		D1E4579F1F5A176000D1E030 /* Release */ = {
			isa = XCBuildConfiguration;
			buildSettings = {
				ALWAYS_SEARCH_USER_PATHS = NO;
				CLANG_ANALYZER_NONNULL = YES;
				CLANG_ANALYZER_NUMBER_OBJECT_CONVERSION = YES_AGGRESSIVE;
				CLANG_CXX_LANGUAGE_STANDARD = "gnu++14";
				CLANG_CXX_LIBRARY = "libc++";
				CLANG_ENABLE_MODULES = YES;
				CLANG_ENABLE_OBJC_ARC = YES;
				CLANG_WARN_BLOCK_CAPTURE_AUTORELEASING = YES;
				CLANG_WARN_BOOL_CONVERSION = YES;
				CLANG_WARN_COMMA = YES;
				CLANG_WARN_CONSTANT_CONVERSION = YES;
				CLANG_WARN_DIRECT_OBJC_ISA_USAGE = YES_ERROR;
				CLANG_WARN_DOCUMENTATION_COMMENTS = YES;
				CLANG_WARN_EMPTY_BODY = YES;
				CLANG_WARN_ENUM_CONVERSION = YES;
				CLANG_WARN_INFINITE_RECURSION = YES;
				CLANG_WARN_INT_CONVERSION = YES;
				CLANG_WARN_NON_LITERAL_NULL_CONVERSION = YES;
				CLANG_WARN_OBJC_LITERAL_CONVERSION = YES;
				CLANG_WARN_OBJC_ROOT_CLASS = YES_ERROR;
				CLANG_WARN_RANGE_LOOP_ANALYSIS = YES;
				CLANG_WARN_STRICT_PROTOTYPES = YES;
				CLANG_WARN_SUSPICIOUS_MOVE = YES;
				CLANG_WARN_UNGUARDED_AVAILABILITY = YES_AGGRESSIVE;
				CLANG_WARN_UNREACHABLE_CODE = YES;
				CLANG_WARN__DUPLICATE_METHOD_MATCH = YES;
				CODE_SIGN_IDENTITY = "iPhone Developer";
				COPY_PHASE_STRIP = NO;
				DEBUG_INFORMATION_FORMAT = "dwarf-with-dsym";
				ENABLE_NS_ASSERTIONS = NO;
				ENABLE_STRICT_OBJC_MSGSEND = YES;
				GCC_C_LANGUAGE_STANDARD = gnu11;
				GCC_NO_COMMON_BLOCKS = YES;
				GCC_WARN_64_TO_32_BIT_CONVERSION = YES;
				GCC_WARN_ABOUT_RETURN_TYPE = YES_ERROR;
				GCC_WARN_UNDECLARED_SELECTOR = YES;
				GCC_WARN_UNINITIALIZED_AUTOS = YES_AGGRESSIVE;
				GCC_WARN_UNUSED_FUNCTION = YES;
				GCC_WARN_UNUSED_VARIABLE = YES;
				IPHONEOS_DEPLOYMENT_TARGET = 11.0;
				MTL_ENABLE_DEBUG_INFO = NO;
				SDKROOT = iphoneos;
				SWIFT_OPTIMIZATION_LEVEL = "-Owholemodule";
				VALIDATE_PRODUCT = YES;
			};
			name = Release;
		};
		D1E457A11F5A176000D1E030 /* Debug */ = {
			isa = XCBuildConfiguration;
			baseConfigurationReference = ADDA04E2395D7BFF9E5CE745 /* Pods-resumeToolkit.debug.xcconfig */;
			buildSettings = {
				ASSETCATALOG_COMPILER_APPICON_NAME = AppIcon;
				CLANG_ENABLE_MODULES = YES;
				CODE_SIGN_STYLE = Automatic;
				DEFINES_MODULE = NO;
				DEVELOPMENT_TEAM = 6JK3GN4CAL;
				INFOPLIST_FILE = resumeToolkit/Info.plist;
				IPHONEOS_DEPLOYMENT_TARGET = 10.0;
				LD_RUNPATH_SEARCH_PATHS = "$(inherited) @executable_path/Frameworks";
				PRODUCT_BUNDLE_IDENTIFIER = EngineeringforSocialInnovation.resumeToolkit;
				PRODUCT_NAME = "$(TARGET_NAME)";
				SWIFT_OBJC_BRIDGING_HEADER = "resumeToolkit-Bridging-Header.h";
				SWIFT_OPTIMIZATION_LEVEL = "-Onone";
				SWIFT_VERSION = 4.0;
				TARGETED_DEVICE_FAMILY = 1;
			};
			name = Debug;
		};
		D1E457A21F5A176000D1E030 /* Release */ = {
			isa = XCBuildConfiguration;
			baseConfigurationReference = 55D0D61381F477683351FA7C /* Pods-resumeToolkit.release.xcconfig */;
			buildSettings = {
				ASSETCATALOG_COMPILER_APPICON_NAME = AppIcon;
				CLANG_ENABLE_MODULES = YES;
				CODE_SIGN_STYLE = Automatic;
				DEFINES_MODULE = NO;
				DEVELOPMENT_TEAM = 6JK3GN4CAL;
				INFOPLIST_FILE = resumeToolkit/Info.plist;
				IPHONEOS_DEPLOYMENT_TARGET = 10.0;
				LD_RUNPATH_SEARCH_PATHS = "$(inherited) @executable_path/Frameworks";
				PRODUCT_BUNDLE_IDENTIFIER = EngineeringforSocialInnovation.resumeToolkit;
				PRODUCT_NAME = "$(TARGET_NAME)";
				SWIFT_OBJC_BRIDGING_HEADER = "resumeToolkit-Bridging-Header.h";
				SWIFT_VERSION = 4.0;
				TARGETED_DEVICE_FAMILY = 1;
			};
			name = Release;
		};
/* End XCBuildConfiguration section */

/* Begin XCConfigurationList section */
		D1E457861F5A175D00D1E030 /* Build configuration list for PBXProject "resumeToolkit" */ = {
			isa = XCConfigurationList;
			buildConfigurations = (
				D1E4579E1F5A176000D1E030 /* Debug */,
				D1E4579F1F5A176000D1E030 /* Release */,
			);
			defaultConfigurationIsVisible = 0;
			defaultConfigurationName = Release;
		};
		D1E457A01F5A176000D1E030 /* Build configuration list for PBXNativeTarget "resumeToolkit" */ = {
			isa = XCConfigurationList;
			buildConfigurations = (
				D1E457A11F5A176000D1E030 /* Debug */,
				D1E457A21F5A176000D1E030 /* Release */,
			);
			defaultConfigurationIsVisible = 0;
			defaultConfigurationName = Release;
		};
/* End XCConfigurationList section */

/* Begin XCVersionGroup section */
		D1E457951F5A175E00D1E030 /* resumeToolkit.xcdatamodeld */ = {
			isa = XCVersionGroup;
			children = (
				D1E457961F5A175E00D1E030 /* resumeToolkit.xcdatamodel */,
			);
			currentVersion = D1E457961F5A175E00D1E030 /* resumeToolkit.xcdatamodel */;
			path = resumeToolkit.xcdatamodeld;
			sourceTree = "<group>";
			versionGroupType = wrapper.xcdatamodel;
		};
/* End XCVersionGroup section */
	};
	rootObject = D1E457831F5A175D00D1E030 /* Project object */;
}
